// !$*UTF8*$!
{
	archiveVersion = 1;
	classes = {
	};
	objectVersion = 51;
	objects = {

/* Begin PBXBuildFile section */
		40DBF8A9039185DDEF2C0460 /* Pods_Weather.framework in Frameworks */ = {isa = PBXBuildFile; fileRef = 6E98CF5A59300E600C18323F /* Pods_Weather.framework */; };
		8B113DDF25C8A0C3003ACFC0 /* clouds.png in Resources */ = {isa = PBXBuildFile; fileRef = 8B113DDE25C8A0C3003ACFC0 /* clouds.png */; };
		8B113DEE25C8AA48003ACFC0 /* sun.png in Resources */ = {isa = PBXBuildFile; fileRef = 8B113DED25C8AA48003ACFC0 /* sun.png */; };
		8B2ED43A25C8090F0098E360 /* Sky-Blue.jpg in Resources */ = {isa = PBXBuildFile; fileRef = 8B2ED43925C8090F0098E360 /* Sky-Blue.jpg */; };
		8B2ED44025C8239D0098E360 /* SearchTableViewCell.swift in Sources */ = {isa = PBXBuildFile; fileRef = 8B2ED43F25C8239D0098E360 /* SearchTableViewCell.swift */; };
		8B2ED44325C826000098E360 /* search.png in Resources */ = {isa = PBXBuildFile; fileRef = 8B2ED44225C826000098E360 /* search.png */; };
		8B36509B25C7319000B16BB9 /* Client-server.swift in Sources */ = {isa = PBXBuildFile; fileRef = 8B36509A25C7319000B16BB9 /* Client-server.swift */; };
		8B3650AF25C73CDD00B16BB9 /* clear.png in Resources */ = {isa = PBXBuildFile; fileRef = 8B3650AE25C73CDD00B16BB9 /* clear.png */; };
		8B3650B325C73D6E00B16BB9 /* cloudy.png in Resources */ = {isa = PBXBuildFile; fileRef = 8B3650B225C73D6E00B16BB9 /* cloudy.png */; };
		8B3650B625C7428C00B16BB9 /* rain.png in Resources */ = {isa = PBXBuildFile; fileRef = 8B3650B525C7428C00B16BB9 /* rain.png */; };
		8B3650B925C743B300B16BB9 /* wet-snow.png in Resources */ = {isa = PBXBuildFile; fileRef = 8B3650B825C743B300B16BB9 /* wet-snow.png */; };
		8B3650BC25C747D900B16BB9 /* thunderstorm.png in Resources */ = {isa = PBXBuildFile; fileRef = 8B3650BB25C747D900B16BB9 /* thunderstorm.png */; };
		8B3650BF25C747DF00B16BB9 /* snow.png in Resources */ = {isa = PBXBuildFile; fileRef = 8B3650BE25C747DF00B16BB9 /* snow.png */; };
		8B3650C225C74C9D00B16BB9 /* Location.png in Resources */ = {isa = PBXBuildFile; fileRef = 8B3650C125C74C9D00B16BB9 /* Location.png */; };
		8B3650C525C7658F00B16BB9 /* forecastTableViewCell.swift in Sources */ = {isa = PBXBuildFile; fileRef = 8B3650C425C7658F00B16BB9 /* forecastTableViewCell.swift */; };
		8B906F0125C05AA00080C14A /* Montserrat-Regular.ttf in Resources */ = {isa = PBXBuildFile; fileRef = 8B906EFF25C057C40080C14A /* Montserrat-Regular.ttf */; };
		8B906F0325C05AA30080C14A /* Montserrat-SemiBold.ttf in Resources */ = {isa = PBXBuildFile; fileRef = 8B906EFE25C057C40080C14A /* Montserrat-SemiBold.ttf */; };
		8B906F0525C05AA50080C14A /* Raleway-VariableFont_wght.ttf in Resources */ = {isa = PBXBuildFile; fileRef = 8B2CBDAE25C04922006705CB /* Raleway-VariableFont_wght.ttf */; };
		8BC582F625C58327001F0253 /* DetailCityViewController.swift in Sources */ = {isa = PBXBuildFile; fileRef = 8BC582F525C58327001F0253 /* DetailCityViewController.swift */; };
		8BD3F10025BA1EA600521293 /* AppDelegate.swift in Sources */ = {isa = PBXBuildFile; fileRef = 8BD3F0FF25BA1EA600521293 /* AppDelegate.swift */; };
		8BD3F10225BA1EA600521293 /* SceneDelegate.swift in Sources */ = {isa = PBXBuildFile; fileRef = 8BD3F10125BA1EA600521293 /* SceneDelegate.swift */; };
		8BD3F10725BA1EA600521293 /* Main.storyboard in Resources */ = {isa = PBXBuildFile; fileRef = 8BD3F10525BA1EA600521293 /* Main.storyboard */; };
		8BD3F10925BA1EA700521293 /* Assets.xcassets in Resources */ = {isa = PBXBuildFile; fileRef = 8BD3F10825BA1EA700521293 /* Assets.xcassets */; };
		8BD3F10C25BA1EA700521293 /* LaunchScreen.storyboard in Resources */ = {isa = PBXBuildFile; fileRef = 8BD3F10A25BA1EA700521293 /* LaunchScreen.storyboard */; };
		8BD3F11925BC8E4300521293 /* CitiesTableViewController.swift in Sources */ = {isa = PBXBuildFile; fileRef = 8BD3F11825BC8E4300521293 /* CitiesTableViewController.swift */; };
		8BD3F11C25BC8F7C00521293 /* CityTableViewCell.swift in Sources */ = {isa = PBXBuildFile; fileRef = 8BD3F11B25BC8F7C00521293 /* CityTableViewCell.swift */; };
		8BD3F12C25BD921100521293 /* background mesh.png in Resources */ = {isa = PBXBuildFile; fileRef = 8BD3F12B25BD921100521293 /* background mesh.png */; };
		8BD3F13025BD993500521293 /* storm.png in Resources */ = {isa = PBXBuildFile; fileRef = 8BD3F12F25BD993500521293 /* storm.png */; };
		8BD3F13625BDA43100521293 /* Cities.swift in Sources */ = {isa = PBXBuildFile; fileRef = 8BD3F13525BDA43100521293 /* Cities.swift */; };
		8BD3F15025BF2C5300521293 /* URLs.swift in Sources */ = {isa = PBXBuildFile; fileRef = 8BD3F14F25BF2C5300521293 /* URLs.swift */; };
/* End PBXBuildFile section */

/* Begin PBXFileReference section */
		06BB5960EB716A65F996E6FB /* Pods-Weather.debug.xcconfig */ = {isa = PBXFileReference; includeInIndex = 1; lastKnownFileType = text.xcconfig; name = "Pods-Weather.debug.xcconfig"; path = "Target Support Files/Pods-Weather/Pods-Weather.debug.xcconfig"; sourceTree = "<group>"; };
		6E98CF5A59300E600C18323F /* Pods_Weather.framework */ = {isa = PBXFileReference; explicitFileType = wrapper.framework; includeInIndex = 0; path = Pods_Weather.framework; sourceTree = BUILT_PRODUCTS_DIR; };
		8B113DDE25C8A0C3003ACFC0 /* clouds.png */ = {isa = PBXFileReference; lastKnownFileType = image.png; path = clouds.png; sourceTree = "<group>"; };
		8B113DED25C8AA48003ACFC0 /* sun.png */ = {isa = PBXFileReference; lastKnownFileType = image.png; path = sun.png; sourceTree = "<group>"; };
		8B2CBDAE25C04922006705CB /* Raleway-VariableFont_wght.ttf */ = {isa = PBXFileReference; lastKnownFileType = file; path = "Raleway-VariableFont_wght.ttf"; sourceTree = "<group>"; };
		8B2ED43925C8090F0098E360 /* Sky-Blue.jpg */ = {isa = PBXFileReference; lastKnownFileType = image.jpeg; path = "Sky-Blue.jpg"; sourceTree = "<group>"; };
		8B2ED43F25C8239D0098E360 /* SearchTableViewCell.swift */ = {isa = PBXFileReference; lastKnownFileType = sourcecode.swift; path = SearchTableViewCell.swift; sourceTree = "<group>"; };
		8B2ED44225C826000098E360 /* search.png */ = {isa = PBXFileReference; lastKnownFileType = image.png; path = search.png; sourceTree = "<group>"; };
		8B36509A25C7319000B16BB9 /* Client-server.swift */ = {isa = PBXFileReference; lastKnownFileType = sourcecode.swift; path = "Client-server.swift"; sourceTree = "<group>"; };
		8B3650AE25C73CDD00B16BB9 /* clear.png */ = {isa = PBXFileReference; lastKnownFileType = image.png; path = clear.png; sourceTree = "<group>"; };
		8B3650B225C73D6E00B16BB9 /* cloudy.png */ = {isa = PBXFileReference; lastKnownFileType = image.png; path = cloudy.png; sourceTree = "<group>"; };
		8B3650B525C7428C00B16BB9 /* rain.png */ = {isa = PBXFileReference; lastKnownFileType = image.png; path = rain.png; sourceTree = "<group>"; };
		8B3650B825C743B300B16BB9 /* wet-snow.png */ = {isa = PBXFileReference; lastKnownFileType = image.png; path = "wet-snow.png"; sourceTree = "<group>"; };
		8B3650BB25C747D900B16BB9 /* thunderstorm.png */ = {isa = PBXFileReference; lastKnownFileType = image.png; path = thunderstorm.png; sourceTree = "<group>"; };
		8B3650BE25C747DF00B16BB9 /* snow.png */ = {isa = PBXFileReference; lastKnownFileType = image.png; path = snow.png; sourceTree = "<group>"; };
		8B3650C125C74C9D00B16BB9 /* Location.png */ = {isa = PBXFileReference; lastKnownFileType = image.png; path = Location.png; sourceTree = "<group>"; };
		8B3650C425C7658F00B16BB9 /* forecastTableViewCell.swift */ = {isa = PBXFileReference; lastKnownFileType = sourcecode.swift; path = forecastTableViewCell.swift; sourceTree = "<group>"; };
		8B906EFE25C057C40080C14A /* Montserrat-SemiBold.ttf */ = {isa = PBXFileReference; lastKnownFileType = file; path = "Montserrat-SemiBold.ttf"; sourceTree = "<group>"; };
		8B906EFF25C057C40080C14A /* Montserrat-Regular.ttf */ = {isa = PBXFileReference; lastKnownFileType = file; path = "Montserrat-Regular.ttf"; sourceTree = "<group>"; };
		8BC582F525C58327001F0253 /* DetailCityViewController.swift */ = {isa = PBXFileReference; lastKnownFileType = sourcecode.swift; path = DetailCityViewController.swift; sourceTree = "<group>"; };
		8BD3F0FC25BA1EA600521293 /* Weather.app */ = {isa = PBXFileReference; explicitFileType = wrapper.application; includeInIndex = 0; path = Weather.app; sourceTree = BUILT_PRODUCTS_DIR; };
		8BD3F0FF25BA1EA600521293 /* AppDelegate.swift */ = {isa = PBXFileReference; lastKnownFileType = sourcecode.swift; path = AppDelegate.swift; sourceTree = "<group>"; };
		8BD3F10125BA1EA600521293 /* SceneDelegate.swift */ = {isa = PBXFileReference; lastKnownFileType = sourcecode.swift; path = SceneDelegate.swift; sourceTree = "<group>"; };
		8BD3F10625BA1EA600521293 /* Base */ = {isa = PBXFileReference; lastKnownFileType = file.storyboard; name = Base; path = Base.lproj/Main.storyboard; sourceTree = "<group>"; };
		8BD3F10825BA1EA700521293 /* Assets.xcassets */ = {isa = PBXFileReference; lastKnownFileType = folder.assetcatalog; path = Assets.xcassets; sourceTree = "<group>"; };
		8BD3F10B25BA1EA700521293 /* Base */ = {isa = PBXFileReference; lastKnownFileType = file.storyboard; name = Base; path = Base.lproj/LaunchScreen.storyboard; sourceTree = "<group>"; };
		8BD3F10D25BA1EA700521293 /* Info.plist */ = {isa = PBXFileReference; lastKnownFileType = text.plist.xml; path = Info.plist; sourceTree = "<group>"; };
		8BD3F11825BC8E4300521293 /* CitiesTableViewController.swift */ = {isa = PBXFileReference; lastKnownFileType = sourcecode.swift; path = CitiesTableViewController.swift; sourceTree = "<group>"; };
		8BD3F11B25BC8F7C00521293 /* CityTableViewCell.swift */ = {isa = PBXFileReference; lastKnownFileType = sourcecode.swift; path = CityTableViewCell.swift; sourceTree = "<group>"; };
		8BD3F12B25BD921100521293 /* background mesh.png */ = {isa = PBXFileReference; lastKnownFileType = image.png; path = "background mesh.png"; sourceTree = "<group>"; };
		8BD3F12F25BD993500521293 /* storm.png */ = {isa = PBXFileReference; lastKnownFileType = image.png; path = storm.png; sourceTree = "<group>"; };
		8BD3F13525BDA43100521293 /* Cities.swift */ = {isa = PBXFileReference; lastKnownFileType = sourcecode.swift; path = Cities.swift; sourceTree = "<group>"; };
		8BD3F14F25BF2C5300521293 /* URLs.swift */ = {isa = PBXFileReference; lastKnownFileType = sourcecode.swift; path = URLs.swift; sourceTree = "<group>"; };
		B9A7549136469C451EDBA03A /* Pods-Weather.release.xcconfig */ = {isa = PBXFileReference; includeInIndex = 1; lastKnownFileType = text.xcconfig; name = "Pods-Weather.release.xcconfig"; path = "Target Support Files/Pods-Weather/Pods-Weather.release.xcconfig"; sourceTree = "<group>"; };
/* End PBXFileReference section */

/* Begin PBXFrameworksBuildPhase section */
		8BD3F0F925BA1EA600521293 /* Frameworks */ = {
			isa = PBXFrameworksBuildPhase;
			buildActionMask = 2147483647;
			files = (
				40DBF8A9039185DDEF2C0460 /* Pods_Weather.framework in Frameworks */,
			);
			runOnlyForDeploymentPostprocessing = 0;
		};
/* End PBXFrameworksBuildPhase section */

/* Begin PBXGroup section */
		8B2CBDAD25C048EC006705CB /* Fonts */ = {
			isa = PBXGroup;
			children = (
				8B906EFF25C057C40080C14A /* Montserrat-Regular.ttf */,
				8B906EFE25C057C40080C14A /* Montserrat-SemiBold.ttf */,
				8B2CBDAE25C04922006705CB /* Raleway-VariableFont_wght.ttf */,
			);
			path = Fonts;
			sourceTree = "<group>";
		};
		8B36509E25C7334100B16BB9 /* 2D weather */ = {
			isa = PBXGroup;
			children = (
				8B3650B525C7428C00B16BB9 /* rain.png */,
				8B3650B225C73D6E00B16BB9 /* cloudy.png */,
				8B3650BE25C747DF00B16BB9 /* snow.png */,
				8B113DDE25C8A0C3003ACFC0 /* clouds.png */,
				8B113DED25C8AA48003ACFC0 /* sun.png */,
				8B3650BB25C747D900B16BB9 /* thunderstorm.png */,
				8B3650B825C743B300B16BB9 /* wet-snow.png */,
				8B3650AE25C73CDD00B16BB9 /* clear.png */,
			);
			path = "2D weather";
			sourceTree = "<group>";
		};
		8BD3F0F325BA1EA600521293 = {
			isa = PBXGroup;
			children = (
				8BD3F0FE25BA1EA600521293 /* Weather */,
				8BD3F0FD25BA1EA600521293 /* Products */,
				A9AF91C2906AFEF5262457FB /* Pods */,
				DE23516A9ECB1C41CFF76804 /* Frameworks */,
			);
			sourceTree = "<group>";
		};
		8BD3F0FD25BA1EA600521293 /* Products */ = {
			isa = PBXGroup;
			children = (
				8BD3F0FC25BA1EA600521293 /* Weather.app */,
			);
			name = Products;
			sourceTree = "<group>";
		};
		8BD3F0FE25BA1EA600521293 /* Weather */ = {
			isa = PBXGroup;
			children = (
				8BD3F11E25BCC97700521293 /* Resourses */,
				8BD3F11625BC80E200521293 /* Controller */,
				8BD3F11525BC80D900521293 /* Model */,
				8BD3F11425BC80C500521293 /* View */,
				8BD3F10125BA1EA600521293 /* SceneDelegate.swift */,
				8BD3F10D25BA1EA700521293 /* Info.plist */,
			);
			path = Weather;
			sourceTree = "<group>";
		};
		8BD3F11425BC80C500521293 /* View */ = {
			isa = PBXGroup;
			children = (
				8BD3F10825BA1EA700521293 /* Assets.xcassets */,
				8BD3F10525BA1EA600521293 /* Main.storyboard */,
				8BD3F10A25BA1EA700521293 /* LaunchScreen.storyboard */,
				8BD3F11B25BC8F7C00521293 /* CityTableViewCell.swift */,
				8B3650C425C7658F00B16BB9 /* forecastTableViewCell.swift */,
				8B2ED43F25C8239D0098E360 /* SearchTableViewCell.swift */,
			);
			path = View;
			sourceTree = "<group>";
		};
		8BD3F11525BC80D900521293 /* Model */ = {
			isa = PBXGroup;
			children = (
				8BD3F13525BDA43100521293 /* Cities.swift */,
				8BD3F14F25BF2C5300521293 /* URLs.swift */,
			);
			path = Model;
			sourceTree = "<group>";
		};
		8BD3F11625BC80E200521293 /* Controller */ = {
			isa = PBXGroup;
			children = (
				8BD3F11825BC8E4300521293 /* CitiesTableViewController.swift */,
				8BD3F0FF25BA1EA600521293 /* AppDelegate.swift */,
				8BC582F525C58327001F0253 /* DetailCityViewController.swift */,
				8B36509A25C7319000B16BB9 /* Client-server.swift */,
			);
			path = Controller;
			sourceTree = "<group>";
		};
		8BD3F11E25BCC97700521293 /* Resourses */ = {
			isa = PBXGroup;
			children = (
				8B2CBDAD25C048EC006705CB /* Fonts */,
				8BD3F11F25BCC97C00521293 /* Images */,
			);
			path = Resourses;
			sourceTree = "<group>";
		};
		8BD3F11F25BCC97C00521293 /* Images */ = {
			isa = PBXGroup;
			children = (
				8B2ED44225C826000098E360 /* search.png */,
				8B36509E25C7334100B16BB9 /* 2D weather */,
				8BD3F12E25BD991600521293 /* 3D weather */,
				8BD3F12B25BD921100521293 /* background mesh.png */,
				8B2ED43925C8090F0098E360 /* Sky-Blue.jpg */,
				8B3650C125C74C9D00B16BB9 /* Location.png */,
			);
			path = Images;
			sourceTree = "<group>";
		};
		8BD3F12E25BD991600521293 /* 3D weather */ = {
			isa = PBXGroup;
			children = (
				8BD3F12F25BD993500521293 /* storm.png */,
			);
			path = "3D weather";
			sourceTree = "<group>";
		};
		A9AF91C2906AFEF5262457FB /* Pods */ = {
			isa = PBXGroup;
			children = (
				06BB5960EB716A65F996E6FB /* Pods-Weather.debug.xcconfig */,
				B9A7549136469C451EDBA03A /* Pods-Weather.release.xcconfig */,
			);
			path = Pods;
			sourceTree = "<group>";
		};
		DE23516A9ECB1C41CFF76804 /* Frameworks */ = {
			isa = PBXGroup;
			children = (
				6E98CF5A59300E600C18323F /* Pods_Weather.framework */,
			);
			name = Frameworks;
			sourceTree = "<group>";
		};
/* End PBXGroup section */

/* Begin PBXNativeTarget section */
		8BD3F0FB25BA1EA600521293 /* Weather */ = {
			isa = PBXNativeTarget;
			buildConfigurationList = 8BD3F11025BA1EA700521293 /* Build configuration list for PBXNativeTarget "Weather" */;
			buildPhases = (
				8A1056AE79042C0F119FCBC4 /* [CP] Check Pods Manifest.lock */,
				8BD3F0F825BA1EA600521293 /* Sources */,
				8BD3F0F925BA1EA600521293 /* Frameworks */,
				8BD3F0FA25BA1EA600521293 /* Resources */,
				9FF32686FF610E03230F7AA8 /* [CP] Embed Pods Frameworks */,
			);
			buildRules = (
			);
			dependencies = (
			);
			name = Weather;
			productName = Weather;
			productReference = 8BD3F0FC25BA1EA600521293 /* Weather.app */;
			productType = "com.apple.product-type.application";
		};
/* End PBXNativeTarget section */

/* Begin PBXProject section */
		8BD3F0F425BA1EA600521293 /* Project object */ = {
			isa = PBXProject;
			attributes = {
				LastSwiftUpdateCheck = 1230;
				LastUpgradeCheck = 1230;
				TargetAttributes = {
					8BD3F0FB25BA1EA600521293 = {
						CreatedOnToolsVersion = 12.3;
					};
				};
			};
			buildConfigurationList = 8BD3F0F725BA1EA600521293 /* Build configuration list for PBXProject "Weather" */;
			compatibilityVersion = "Xcode 9.3";
			developmentRegion = en;
			hasScannedForEncodings = 0;
			knownRegions = (
				en,
				Base,
			);
			mainGroup = 8BD3F0F325BA1EA600521293;
			productRefGroup = 8BD3F0FD25BA1EA600521293 /* Products */;
			projectDirPath = "";
			projectRoot = "";
			targets = (
				8BD3F0FB25BA1EA600521293 /* Weather */,
			);
		};
/* End PBXProject section */

/* Begin PBXResourcesBuildPhase section */
		8BD3F0FA25BA1EA600521293 /* Resources */ = {
			isa = PBXResourcesBuildPhase;
			buildActionMask = 2147483647;
			files = (
				8B3650BC25C747D900B16BB9 /* thunderstorm.png in Resources */,
				8BD3F10C25BA1EA700521293 /* LaunchScreen.storyboard in Resources */,
				8BD3F13025BD993500521293 /* storm.png in Resources */,
				8B2ED44325C826000098E360 /* search.png in Resources */,
				8B906F0125C05AA00080C14A /* Montserrat-Regular.ttf in Resources */,
				8B2ED43A25C8090F0098E360 /* Sky-Blue.jpg in Resources */,
				8B906F0525C05AA50080C14A /* Raleway-VariableFont_wght.ttf in Resources */,
				8B113DDF25C8A0C3003ACFC0 /* clouds.png in Resources */,
				8B3650B625C7428C00B16BB9 /* rain.png in Resources */,
				8B113DEE25C8AA48003ACFC0 /* sun.png in Resources */,
				8B3650B325C73D6E00B16BB9 /* cloudy.png in Resources */,
				8B3650C225C74C9D00B16BB9 /* Location.png in Resources */,
				8BD3F10925BA1EA700521293 /* Assets.xcassets in Resources */,
				8BD3F12C25BD921100521293 /* background mesh.png in Resources */,
				8B906F0325C05AA30080C14A /* Montserrat-SemiBold.ttf in Resources */,
				8B3650BF25C747DF00B16BB9 /* snow.png in Resources */,
				8B3650B925C743B300B16BB9 /* wet-snow.png in Resources */,
				8BD3F10725BA1EA600521293 /* Main.storyboard in Resources */,
				8B3650AF25C73CDD00B16BB9 /* clear.png in Resources */,
			);
			runOnlyForDeploymentPostprocessing = 0;
		};
/* End PBXResourcesBuildPhase section */

/* Begin PBXShellScriptBuildPhase section */
		8A1056AE79042C0F119FCBC4 /* [CP] Check Pods Manifest.lock */ = {
			isa = PBXShellScriptBuildPhase;
			buildActionMask = 2147483647;
			files = (
			);
			inputFileListPaths = (
			);
			inputPaths = (
				"${PODS_PODFILE_DIR_PATH}/Podfile.lock",
				"${PODS_ROOT}/Manifest.lock",
			);
			name = "[CP] Check Pods Manifest.lock";
			outputFileListPaths = (
			);
			outputPaths = (
				"$(DERIVED_FILE_DIR)/Pods-Weather-checkManifestLockResult.txt",
			);
			runOnlyForDeploymentPostprocessing = 0;
			shellPath = /bin/sh;
			shellScript = "diff \"${PODS_PODFILE_DIR_PATH}/Podfile.lock\" \"${PODS_ROOT}/Manifest.lock\" > /dev/null\nif [ $? != 0 ] ; then\n    # print error to STDERR\n    echo \"error: The sandbox is not in sync with the Podfile.lock. Run 'pod install' or update your CocoaPods installation.\" >&2\n    exit 1\nfi\n# This output is used by Xcode 'outputs' to avoid re-running this script phase.\necho \"SUCCESS\" > \"${SCRIPT_OUTPUT_FILE_0}\"\n";
			showEnvVarsInLog = 0;
		};
		9FF32686FF610E03230F7AA8 /* [CP] Embed Pods Frameworks */ = {
			isa = PBXShellScriptBuildPhase;
			buildActionMask = 2147483647;
			files = (
			);
			inputFileListPaths = (
				"${PODS_ROOT}/Target Support Files/Pods-Weather/Pods-Weather-frameworks-${CONFIGURATION}-input-files.xcfilelist",
			);
			name = "[CP] Embed Pods Frameworks";
			outputFileListPaths = (
				"${PODS_ROOT}/Target Support Files/Pods-Weather/Pods-Weather-frameworks-${CONFIGURATION}-output-files.xcfilelist",
			);
			runOnlyForDeploymentPostprocessing = 0;
			shellPath = /bin/sh;
			shellScript = "\"${PODS_ROOT}/Target Support Files/Pods-Weather/Pods-Weather-frameworks.sh\"\n";
			showEnvVarsInLog = 0;
		};
/* End PBXShellScriptBuildPhase section */

/* Begin PBXSourcesBuildPhase section */
		8BD3F0F825BA1EA600521293 /* Sources */ = {
			isa = PBXSourcesBuildPhase;
			buildActionMask = 2147483647;
			files = (
				8BD3F10025BA1EA600521293 /* AppDelegate.swift in Sources */,
				8BD3F11C25BC8F7C00521293 /* CityTableViewCell.swift in Sources */,
				8B3650C525C7658F00B16BB9 /* forecastTableViewCell.swift in Sources */,
				8BD3F11925BC8E4300521293 /* CitiesTableViewController.swift in Sources */,
				8BD3F15025BF2C5300521293 /* URLs.swift in Sources */,
				8BC582F625C58327001F0253 /* DetailCityViewController.swift in Sources */,
				8BD3F13625BDA43100521293 /* Cities.swift in Sources */,
				8BD3F10225BA1EA600521293 /* SceneDelegate.swift in Sources */,
				8B36509B25C7319000B16BB9 /* Client-server.swift in Sources */,
				8B2ED44025C8239D0098E360 /* SearchTableViewCell.swift in Sources */,
			);
			runOnlyForDeploymentPostprocessing = 0;
		};
/* End PBXSourcesBuildPhase section */

/* Begin PBXVariantGroup section */
		8BD3F10525BA1EA600521293 /* Main.storyboard */ = {
			isa = PBXVariantGroup;
			children = (
				8BD3F10625BA1EA600521293 /* Base */,
			);
			name = Main.storyboard;
			sourceTree = "<group>";
		};
		8BD3F10A25BA1EA700521293 /* LaunchScreen.storyboard */ = {
			isa = PBXVariantGroup;
			children = (
				8BD3F10B25BA1EA700521293 /* Base */,
			);
			name = LaunchScreen.storyboard;
			sourceTree = "<group>";
		};
/* End PBXVariantGroup section */

/* Begin XCBuildConfiguration section */
		8BD3F10E25BA1EA700521293 /* Debug */ = {
			isa = XCBuildConfiguration;
			buildSettings = {
				ALWAYS_SEARCH_USER_PATHS = NO;
				CLANG_ANALYZER_NONNULL = YES;
				CLANG_ANALYZER_NUMBER_OBJECT_CONVERSION = YES_AGGRESSIVE;
				CLANG_CXX_LANGUAGE_STANDARD = "gnu++14";
				CLANG_CXX_LIBRARY = "libc++";
				CLANG_ENABLE_MODULES = YES;
				CLANG_ENABLE_OBJC_ARC = YES;
				CLANG_ENABLE_OBJC_WEAK = YES;
				CLANG_WARN_BLOCK_CAPTURE_AUTORELEASING = YES;
				CLANG_WARN_BOOL_CONVERSION = YES;
				CLANG_WARN_COMMA = YES;
				CLANG_WARN_CONSTANT_CONVERSION = YES;
				CLANG_WARN_DEPRECATED_OBJC_IMPLEMENTATIONS = YES;
				CLANG_WARN_DIRECT_OBJC_ISA_USAGE = YES_ERROR;
				CLANG_WARN_DOCUMENTATION_COMMENTS = YES;
				CLANG_WARN_EMPTY_BODY = YES;
				CLANG_WARN_ENUM_CONVERSION = YES;
				CLANG_WARN_INFINITE_RECURSION = YES;
				CLANG_WARN_INT_CONVERSION = YES;
				CLANG_WARN_NON_LITERAL_NULL_CONVERSION = YES;
				CLANG_WARN_OBJC_IMPLICIT_RETAIN_SELF = YES;
				CLANG_WARN_OBJC_LITERAL_CONVERSION = YES;
				CLANG_WARN_OBJC_ROOT_CLASS = YES_ERROR;
				CLANG_WARN_QUOTED_INCLUDE_IN_FRAMEWORK_HEADER = YES;
				CLANG_WARN_RANGE_LOOP_ANALYSIS = YES;
				CLANG_WARN_STRICT_PROTOTYPES = YES;
				CLANG_WARN_SUSPICIOUS_MOVE = YES;
				CLANG_WARN_UNGUARDED_AVAILABILITY = YES_AGGRESSIVE;
				CLANG_WARN_UNREACHABLE_CODE = YES;
				CLANG_WARN__DUPLICATE_METHOD_MATCH = YES;
				COPY_PHASE_STRIP = NO;
				DEBUG_INFORMATION_FORMAT = dwarf;
				ENABLE_STRICT_OBJC_MSGSEND = YES;
				ENABLE_TESTABILITY = YES;
				GCC_C_LANGUAGE_STANDARD = gnu11;
				GCC_DYNAMIC_NO_PIC = NO;
				GCC_NO_COMMON_BLOCKS = YES;
				GCC_OPTIMIZATION_LEVEL = 0;
				GCC_PREPROCESSOR_DEFINITIONS = (
					"DEBUG=1",
					"$(inherited)",
				);
				GCC_WARN_64_TO_32_BIT_CONVERSION = YES;
				GCC_WARN_ABOUT_RETURN_TYPE = YES_ERROR;
				GCC_WARN_UNDECLARED_SELECTOR = YES;
				GCC_WARN_UNINITIALIZED_AUTOS = YES_AGGRESSIVE;
				GCC_WARN_UNUSED_FUNCTION = YES;
				GCC_WARN_UNUSED_VARIABLE = YES;
				IPHONEOS_DEPLOYMENT_TARGET = 14.3;
				MTL_ENABLE_DEBUG_INFO = INCLUDE_SOURCE;
				MTL_FAST_MATH = YES;
				ONLY_ACTIVE_ARCH = YES;
				SDKROOT = iphoneos;
				SWIFT_ACTIVE_COMPILATION_CONDITIONS = DEBUG;
				SWIFT_OPTIMIZATION_LEVEL = "-Onone";
			};
			name = Debug;
		};
		8BD3F10F25BA1EA700521293 /* Release */ = {
			isa = XCBuildConfiguration;
			buildSettings = {
				ALWAYS_SEARCH_USER_PATHS = NO;
				CLANG_ANALYZER_NONNULL = YES;
				CLANG_ANALYZER_NUMBER_OBJECT_CONVERSION = YES_AGGRESSIVE;
				CLANG_CXX_LANGUAGE_STANDARD = "gnu++14";
				CLANG_CXX_LIBRARY = "libc++";
				CLANG_ENABLE_MODULES = YES;
				CLANG_ENABLE_OBJC_ARC = YES;
				CLANG_ENABLE_OBJC_WEAK = YES;
				CLANG_WARN_BLOCK_CAPTURE_AUTORELEASING = YES;
				CLANG_WARN_BOOL_CONVERSION = YES;
				CLANG_WARN_COMMA = YES;
				CLANG_WARN_CONSTANT_CONVERSION = YES;
				CLANG_WARN_DEPRECATED_OBJC_IMPLEMENTATIONS = YES;
				CLANG_WARN_DIRECT_OBJC_ISA_USAGE = YES_ERROR;
				CLANG_WARN_DOCUMENTATION_COMMENTS = YES;
				CLANG_WARN_EMPTY_BODY = YES;
				CLANG_WARN_ENUM_CONVERSION = YES;
				CLANG_WARN_INFINITE_RECURSION = YES;
				CLANG_WARN_INT_CONVERSION = YES;
				CLANG_WARN_NON_LITERAL_NULL_CONVERSION = YES;
				CLANG_WARN_OBJC_IMPLICIT_RETAIN_SELF = YES;
				CLANG_WARN_OBJC_LITERAL_CONVERSION = YES;
				CLANG_WARN_OBJC_ROOT_CLASS = YES_ERROR;
				CLANG_WARN_QUOTED_INCLUDE_IN_FRAMEWORK_HEADER = YES;
				CLANG_WARN_RANGE_LOOP_ANALYSIS = YES;
				CLANG_WARN_STRICT_PROTOTYPES = YES;
				CLANG_WARN_SUSPICIOUS_MOVE = YES;
				CLANG_WARN_UNGUARDED_AVAILABILITY = YES_AGGRESSIVE;
				CLANG_WARN_UNREACHABLE_CODE = YES;
				CLANG_WARN__DUPLICATE_METHOD_MATCH = YES;
				COPY_PHASE_STRIP = NO;
				DEBUG_INFORMATION_FORMAT = "dwarf-with-dsym";
				ENABLE_NS_ASSERTIONS = NO;
				ENABLE_STRICT_OBJC_MSGSEND = YES;
				GCC_C_LANGUAGE_STANDARD = gnu11;
				GCC_NO_COMMON_BLOCKS = YES;
				GCC_WARN_64_TO_32_BIT_CONVERSION = YES;
				GCC_WARN_ABOUT_RETURN_TYPE = YES_ERROR;
				GCC_WARN_UNDECLARED_SELECTOR = YES;
				GCC_WARN_UNINITIALIZED_AUTOS = YES_AGGRESSIVE;
				GCC_WARN_UNUSED_FUNCTION = YES;
				GCC_WARN_UNUSED_VARIABLE = YES;
				IPHONEOS_DEPLOYMENT_TARGET = 14.3;
				MTL_ENABLE_DEBUG_INFO = NO;
				MTL_FAST_MATH = YES;
				SDKROOT = iphoneos;
				SWIFT_COMPILATION_MODE = wholemodule;
				SWIFT_OPTIMIZATION_LEVEL = "-O";
				VALIDATE_PRODUCT = YES;
			};
			name = Release;
		};
		8BD3F11125BA1EA700521293 /* Debug */ = {
			isa = XCBuildConfiguration;
			baseConfigurationReference = 06BB5960EB716A65F996E6FB /* Pods-Weather.debug.xcconfig */;
			buildSettings = {
				ASSETCATALOG_COMPILER_APPICON_NAME = AppIcon;
				ASSETCATALOG_COMPILER_GLOBAL_ACCENT_COLOR_NAME = AccentColor;
				CODE_SIGN_STYLE = Automatic;
				DEVELOPMENT_TEAM = 993PJS6Y4M;
				INFOPLIST_FILE = Weather/Info.plist;
				IPHONEOS_DEPLOYMENT_TARGET = 13.0;
				LD_RUNPATH_SEARCH_PATHS = (
					"$(inherited)",
					"@executable_path/Frameworks",
				);
				PRODUCT_BUNDLE_IDENTIFIER = ru.navarenko.Weather;
				PRODUCT_NAME = "$(TARGET_NAME)";
				SWIFT_VERSION = 5.0;
				TARGETED_DEVICE_FAMILY = "1,2";
			};
			name = Debug;
		};
		8BD3F11225BA1EA700521293 /* Release */ = {
			isa = XCBuildConfiguration;
			baseConfigurationReference = B9A7549136469C451EDBA03A /* Pods-Weather.release.xcconfig */;
			buildSettings = {
				ASSETCATALOG_COMPILER_APPICON_NAME = AppIcon;
				ASSETCATALOG_COMPILER_GLOBAL_ACCENT_COLOR_NAME = AccentColor;
				CODE_SIGN_STYLE = Automatic;
				DEVELOPMENT_TEAM = 993PJS6Y4M;
				INFOPLIST_FILE = Weather/Info.plist;
				IPHONEOS_DEPLOYMENT_TARGET = 13.0;
				LD_RUNPATH_SEARCH_PATHS = (
					"$(inherited)",
					"@executable_path/Frameworks",
				);
				PRODUCT_BUNDLE_IDENTIFIER = ru.navarenko.Weather;
				PRODUCT_NAME = "$(TARGET_NAME)";
				SWIFT_VERSION = 5.0;
				TARGETED_DEVICE_FAMILY = "1,2";
			};
			name = Release;
		};
/* End XCBuildConfiguration section */

/* Begin XCConfigurationList section */
		8BD3F0F725BA1EA600521293 /* Build configuration list for PBXProject "Weather" */ = {
			isa = XCConfigurationList;
			buildConfigurations = (
				8BD3F10E25BA1EA700521293 /* Debug */,
				8BD3F10F25BA1EA700521293 /* Release */,
			);
			defaultConfigurationIsVisible = 0;
			defaultConfigurationName = Release;
		};
		8BD3F11025BA1EA700521293 /* Build configuration list for PBXNativeTarget "Weather" */ = {
			isa = XCConfigurationList;
			buildConfigurations = (
				8BD3F11125BA1EA700521293 /* Debug */,
				8BD3F11225BA1EA700521293 /* Release */,
			);
			defaultConfigurationIsVisible = 0;
			defaultConfigurationName = Release;
		};
/* End XCConfigurationList section */
	};
	rootObject = 8BD3F0F425BA1EA600521293 /* Project object */;
}
